
Microsoft Visual Studio Solution File, Format Version 12.00
# Visual Studio Version 17
VisualStudioVersion = 17.8.34330.188
MinimumVisualStudioVersion = 10.0.40219.1
Project("{FAE04EC0-301F-11D3-BF4B-00C04F79EFBC}") = "12_serializacja", "12_serializacja.csproj", "{7A42B7FA-A326-42FC-8061-8669E37ADA21}"
EndProject
Global
	GlobalSection(SolutionConfigurationPlatforms) = preSolution
		Debug|Any CPU = Debug|Any CPU
		Release|Any CPU = Release|Any CPU
	EndGlobalSection
	GlobalSection(ProjectConfigurationPlatforms) = postSolution
		{7A42B7FA-A326-42FC-8061-8669E37ADA21}.Debug|Any CPU.ActiveCfg = Debug|Any CPU
		{7A42B7FA-A326-42FC-8061-8669E37ADA21}.Debug|Any CPU.Build.0 = Debug|Any CPU
		{7A42B7FA-A326-42FC-8061-8669E37ADA21}.Release|Any CPU.ActiveCfg = Release|Any CPU
		{7A42B7FA-A326-42FC-8061-8669E37ADA21}.Release|Any CPU.Build.0 = Release|Any CPU
	EndGlobalSection
	GlobalSection(SolutionProperties) = preSolution
		HideSolutionNode = FALSE
	EndGlobalSection
	GlobalSection(ExtensibilityGlobals) = postSolution
		SolutionGuid = {F8A18189-50C8-45EF-8B4B-54E224035E36}
	EndGlobalSection
EndGlobal
