
Microsoft Visual Studio Solution File, Format Version 12.00
# Visual Studio Version 17
VisualStudioVersion = 17.7.34024.191
MinimumVisualStudioVersion = 10.0.40219.1
Project("{FAE04EC0-301F-11D3-BF4B-00C04F79EFBC}") = "4_wyklad_1_Osoba_Adres", "4_wyklad_1_Osoba_Adres.csproj", "{CB4372C3-AAB1-401F-A8A5-2CEAB12B943B}"
EndProject
Global
	GlobalSection(SolutionConfigurationPlatforms) = preSolution
		Debug|Any CPU = Debug|Any CPU
		Release|Any CPU = Release|Any CPU
	EndGlobalSection
	GlobalSection(ProjectConfigurationPlatforms) = postSolution
		{CB4372C3-AAB1-401F-A8A5-2CEAB12B943B}.Debug|Any CPU.ActiveCfg = Debug|Any CPU
		{CB4372C3-AAB1-401F-A8A5-2CEAB12B943B}.Debug|Any CPU.Build.0 = Debug|Any CPU
		{CB4372C3-AAB1-401F-A8A5-2CEAB12B943B}.Release|Any CPU.ActiveCfg = Release|Any CPU
		{CB4372C3-AAB1-401F-A8A5-2CEAB12B943B}.Release|Any CPU.Build.0 = Release|Any CPU
	EndGlobalSection
	GlobalSection(SolutionProperties) = preSolution
		HideSolutionNode = FALSE
	EndGlobalSection
	GlobalSection(ExtensibilityGlobals) = postSolution
		SolutionGuid = {9684EBF3-FAAB-4C92-8550-6DDC822DC1E3}
	EndGlobalSection
EndGlobal
