
Microsoft Visual Studio Solution File, Format Version 12.00
# Visual Studio Version 17
VisualStudioVersion = 17.8.34322.80
MinimumVisualStudioVersion = 10.0.40219.1
Project("{FAE04EC0-301F-11D3-BF4B-00C04F79EFBC}") = "6_2_dziedziczenie_muzyka_zadanie_wyklad", "6_2_dziedziczenie_muzyka_zadanie_wyklad.csproj", "{BC29BAE6-3A42-4053-8C4F-F180F24F5F14}"
EndProject
Global
	GlobalSection(SolutionConfigurationPlatforms) = preSolution
		Debug|Any CPU = Debug|Any CPU
		Release|Any CPU = Release|Any CPU
	EndGlobalSection
	GlobalSection(ProjectConfigurationPlatforms) = postSolution
		{BC29BAE6-3A42-4053-8C4F-F180F24F5F14}.Debug|Any CPU.ActiveCfg = Debug|Any CPU
		{BC29BAE6-3A42-4053-8C4F-F180F24F5F14}.Debug|Any CPU.Build.0 = Debug|Any CPU
		{BC29BAE6-3A42-4053-8C4F-F180F24F5F14}.Release|Any CPU.ActiveCfg = Release|Any CPU
		{BC29BAE6-3A42-4053-8C4F-F180F24F5F14}.Release|Any CPU.Build.0 = Release|Any CPU
	EndGlobalSection
	GlobalSection(SolutionProperties) = preSolution
		HideSolutionNode = FALSE
	EndGlobalSection
	GlobalSection(ExtensibilityGlobals) = postSolution
		SolutionGuid = {E79F306C-82FF-46A4-85B4-120E08B7BA34}
	EndGlobalSection
EndGlobal
