
Microsoft Visual Studio Solution File, Format Version 12.00
# Visual Studio Version 17
VisualStudioVersion = 17.7.34221.43
MinimumVisualStudioVersion = 10.0.40219.1
Project("{FAE04EC0-301F-11D3-BF4B-00C04F79EFBC}") = "5_project_konstruktory_wyklad_2_v2", "5_project_konstruktory_wyklad_2_v2.csproj", "{D493DD2D-6DCB-41F6-B07A-A315AD220088}"
EndProject
Global
	GlobalSection(SolutionConfigurationPlatforms) = preSolution
		Debug|Any CPU = Debug|Any CPU
		Release|Any CPU = Release|Any CPU
	EndGlobalSection
	GlobalSection(ProjectConfigurationPlatforms) = postSolution
		{D493DD2D-6DCB-41F6-B07A-A315AD220088}.Debug|Any CPU.ActiveCfg = Debug|Any CPU
		{D493DD2D-6DCB-41F6-B07A-A315AD220088}.Debug|Any CPU.Build.0 = Debug|Any CPU
		{D493DD2D-6DCB-41F6-B07A-A315AD220088}.Release|Any CPU.ActiveCfg = Release|Any CPU
		{D493DD2D-6DCB-41F6-B07A-A315AD220088}.Release|Any CPU.Build.0 = Release|Any CPU
	EndGlobalSection
	GlobalSection(SolutionProperties) = preSolution
		HideSolutionNode = FALSE
	EndGlobalSection
	GlobalSection(ExtensibilityGlobals) = postSolution
		SolutionGuid = {EFB135AC-ED4E-40CF-83A8-667CDFBEC6B3}
	EndGlobalSection
EndGlobal
