
Microsoft Visual Studio Solution File, Format Version 12.00
# Visual Studio Version 17
VisualStudioVersion = 17.7.34221.43
MinimumVisualStudioVersion = 10.0.40219.1
Project("{FAE04EC0-301F-11D3-BF4B-00C04F79EFBC}") = "7_1_delegaty", "7_1_delegaty.csproj", "{CD1DA41E-E189-48FB-B75A-30DD17F19859}"
EndProject
Global
	GlobalSection(SolutionConfigurationPlatforms) = preSolution
		Debug|Any CPU = Debug|Any CPU
		Release|Any CPU = Release|Any CPU
	EndGlobalSection
	GlobalSection(ProjectConfigurationPlatforms) = postSolution
		{CD1DA41E-E189-48FB-B75A-30DD17F19859}.Debug|Any CPU.ActiveCfg = Debug|Any CPU
		{CD1DA41E-E189-48FB-B75A-30DD17F19859}.Debug|Any CPU.Build.0 = Debug|Any CPU
		{CD1DA41E-E189-48FB-B75A-30DD17F19859}.Release|Any CPU.ActiveCfg = Release|Any CPU
		{CD1DA41E-E189-48FB-B75A-30DD17F19859}.Release|Any CPU.Build.0 = Release|Any CPU
	EndGlobalSection
	GlobalSection(SolutionProperties) = preSolution
		HideSolutionNode = FALSE
	EndGlobalSection
	GlobalSection(ExtensibilityGlobals) = postSolution
		SolutionGuid = {AC3A0B46-57E4-48E4-9163-73DDC1CF0142}
	EndGlobalSection
EndGlobal
