
Microsoft Visual Studio Solution File, Format Version 12.00
# Visual Studio Version 17
VisualStudioVersion = 17.8.34330.188
MinimumVisualStudioVersion = 10.0.40219.1
Project("{FAE04EC0-301F-11D3-BF4B-00C04F79EFBC}") = "8_1_wyjatki", "8_1_wyjatki.csproj", "{D8EFBC8E-0FF3-40A0-A8AE-36C7A35DA1D7}"
EndProject
Global
	GlobalSection(SolutionConfigurationPlatforms) = preSolution
		Debug|Any CPU = Debug|Any CPU
		Release|Any CPU = Release|Any CPU
	EndGlobalSection
	GlobalSection(ProjectConfigurationPlatforms) = postSolution
		{D8EFBC8E-0FF3-40A0-A8AE-36C7A35DA1D7}.Debug|Any CPU.ActiveCfg = Debug|Any CPU
		{D8EFBC8E-0FF3-40A0-A8AE-36C7A35DA1D7}.Debug|Any CPU.Build.0 = Debug|Any CPU
		{D8EFBC8E-0FF3-40A0-A8AE-36C7A35DA1D7}.Release|Any CPU.ActiveCfg = Release|Any CPU
		{D8EFBC8E-0FF3-40A0-A8AE-36C7A35DA1D7}.Release|Any CPU.Build.0 = Release|Any CPU
	EndGlobalSection
	GlobalSection(SolutionProperties) = preSolution
		HideSolutionNode = FALSE
	EndGlobalSection
	GlobalSection(ExtensibilityGlobals) = postSolution
		SolutionGuid = {78A5CCA3-B2F6-4E54-8C9B-1B270538AA37}
	EndGlobalSection
EndGlobal
