
Microsoft Visual Studio Solution File, Format Version 12.00
# Visual Studio Version 17
VisualStudioVersion = 17.8.34322.80
MinimumVisualStudioVersion = 10.0.40219.1
Project("{FAE04EC0-301F-11D3-BF4B-00C04F79EFBC}") = "_7_1_interfejsy", "_7_1_interfejsy.csproj", "{DF434AFF-E623-4874-BD46-6A4DE533A7F1}"
EndProject
Global
	GlobalSection(SolutionConfigurationPlatforms) = preSolution
		Debug|Any CPU = Debug|Any CPU
		Release|Any CPU = Release|Any CPU
	EndGlobalSection
	GlobalSection(ProjectConfigurationPlatforms) = postSolution
		{DF434AFF-E623-4874-BD46-6A4DE533A7F1}.Debug|Any CPU.ActiveCfg = Debug|Any CPU
		{DF434AFF-E623-4874-BD46-6A4DE533A7F1}.Debug|Any CPU.Build.0 = Debug|Any CPU
		{DF434AFF-E623-4874-BD46-6A4DE533A7F1}.Release|Any CPU.ActiveCfg = Release|Any CPU
		{DF434AFF-E623-4874-BD46-6A4DE533A7F1}.Release|Any CPU.Build.0 = Release|Any CPU
	EndGlobalSection
	GlobalSection(SolutionProperties) = preSolution
		HideSolutionNode = FALSE
	EndGlobalSection
	GlobalSection(ExtensibilityGlobals) = postSolution
		SolutionGuid = {24E9B8D6-A702-4C0D-A482-561F035E496E}
	EndGlobalSection
EndGlobal
