
Microsoft Visual Studio Solution File, Format Version 12.00
# Visual Studio Version 17
VisualStudioVersion = 17.8.34330.188
MinimumVisualStudioVersion = 10.0.40219.1
Project("{FAE04EC0-301F-11D3-BF4B-00C04F79EFBC}") = "11_1_serializacja", "11_1_serializacja.csproj", "{FDFCAC4D-9797-446E-8F67-7361FB83A530}"
EndProject
Global
	GlobalSection(SolutionConfigurationPlatforms) = preSolution
		Debug|Any CPU = Debug|Any CPU
		Release|Any CPU = Release|Any CPU
	EndGlobalSection
	GlobalSection(ProjectConfigurationPlatforms) = postSolution
		{FDFCAC4D-9797-446E-8F67-7361FB83A530}.Debug|Any CPU.ActiveCfg = Debug|Any CPU
		{FDFCAC4D-9797-446E-8F67-7361FB83A530}.Debug|Any CPU.Build.0 = Debug|Any CPU
		{FDFCAC4D-9797-446E-8F67-7361FB83A530}.Release|Any CPU.ActiveCfg = Release|Any CPU
		{FDFCAC4D-9797-446E-8F67-7361FB83A530}.Release|Any CPU.Build.0 = Release|Any CPU
	EndGlobalSection
	GlobalSection(SolutionProperties) = preSolution
		HideSolutionNode = FALSE
	EndGlobalSection
	GlobalSection(ExtensibilityGlobals) = postSolution
		SolutionGuid = {EAC316B9-6C41-41BD-B2F5-5E580BD67834}
	EndGlobalSection
EndGlobal
