
Microsoft Visual Studio Solution File, Format Version 12.00
# Visual Studio Version 17
VisualStudioVersion = 17.7.34024.191
MinimumVisualStudioVersion = 10.0.40219.1
Project("{FAE04EC0-301F-11D3-BF4B-00C04F79EFBC}") = "2_Heron", "2_Heron.csproj", "{661FE8B2-D627-4A1D-ACE3-3AD8ABE1364B}"
EndProject
Global
	GlobalSection(SolutionConfigurationPlatforms) = preSolution
		Debug|Any CPU = Debug|Any CPU
		Release|Any CPU = Release|Any CPU
	EndGlobalSection
	GlobalSection(ProjectConfigurationPlatforms) = postSolution
		{661FE8B2-D627-4A1D-ACE3-3AD8ABE1364B}.Debug|Any CPU.ActiveCfg = Debug|Any CPU
		{661FE8B2-D627-4A1D-ACE3-3AD8ABE1364B}.Debug|Any CPU.Build.0 = Debug|Any CPU
		{661FE8B2-D627-4A1D-ACE3-3AD8ABE1364B}.Release|Any CPU.ActiveCfg = Release|Any CPU
		{661FE8B2-D627-4A1D-ACE3-3AD8ABE1364B}.Release|Any CPU.Build.0 = Release|Any CPU
	EndGlobalSection
	GlobalSection(SolutionProperties) = preSolution
		HideSolutionNode = FALSE
	EndGlobalSection
	GlobalSection(ExtensibilityGlobals) = postSolution
		SolutionGuid = {59C8D514-3732-49C2-8615-2F9C3D04CF7F}
	EndGlobalSection
EndGlobal
