
Microsoft Visual Studio Solution File, Format Version 12.00
# Visual Studio Version 17
VisualStudioVersion = 17.7.34024.191
MinimumVisualStudioVersion = 10.0.40219.1
Project("{FAE04EC0-301F-11D3-BF4B-00C04F79EFBC}") = "2_pole_trojkata_Heron", "2_pole_trojkata_Heron.csproj", "{1C8A9E9B-92CD-459C-9B1B-B291F743257A}"
EndProject
Global
	GlobalSection(SolutionConfigurationPlatforms) = preSolution
		Debug|Any CPU = Debug|Any CPU
		Release|Any CPU = Release|Any CPU
	EndGlobalSection
	GlobalSection(ProjectConfigurationPlatforms) = postSolution
		{1C8A9E9B-92CD-459C-9B1B-B291F743257A}.Debug|Any CPU.ActiveCfg = Debug|Any CPU
		{1C8A9E9B-92CD-459C-9B1B-B291F743257A}.Debug|Any CPU.Build.0 = Debug|Any CPU
		{1C8A9E9B-92CD-459C-9B1B-B291F743257A}.Release|Any CPU.ActiveCfg = Release|Any CPU
		{1C8A9E9B-92CD-459C-9B1B-B291F743257A}.Release|Any CPU.Build.0 = Release|Any CPU
	EndGlobalSection
	GlobalSection(SolutionProperties) = preSolution
		HideSolutionNode = FALSE
	EndGlobalSection
	GlobalSection(ExtensibilityGlobals) = postSolution
		SolutionGuid = {2CF227E3-E1C6-4653-8660-2D7668EA9372}
	EndGlobalSection
EndGlobal
