
Microsoft Visual Studio Solution File, Format Version 12.00
# Visual Studio Version 17
VisualStudioVersion = 17.8.34330.188
MinimumVisualStudioVersion = 10.0.40219.1
Project("{FAE04EC0-301F-11D3-BF4B-00C04F79EFBC}") = "11_serializacja", "11_serializacja.csproj", "{3774E6BE-3F8D-46A1-9650-547CE5D3B627}"
EndProject
Global
	GlobalSection(SolutionConfigurationPlatforms) = preSolution
		Debug|Any CPU = Debug|Any CPU
		Release|Any CPU = Release|Any CPU
	EndGlobalSection
	GlobalSection(ProjectConfigurationPlatforms) = postSolution
		{3774E6BE-3F8D-46A1-9650-547CE5D3B627}.Debug|Any CPU.ActiveCfg = Debug|Any CPU
		{3774E6BE-3F8D-46A1-9650-547CE5D3B627}.Debug|Any CPU.Build.0 = Debug|Any CPU
		{3774E6BE-3F8D-46A1-9650-547CE5D3B627}.Release|Any CPU.ActiveCfg = Release|Any CPU
		{3774E6BE-3F8D-46A1-9650-547CE5D3B627}.Release|Any CPU.Build.0 = Release|Any CPU
	EndGlobalSection
	GlobalSection(SolutionProperties) = preSolution
		HideSolutionNode = FALSE
	EndGlobalSection
	GlobalSection(ExtensibilityGlobals) = postSolution
		SolutionGuid = {06058AA4-93CF-48ED-A46D-BA42DA8EDBE2}
	EndGlobalSection
EndGlobal
